// !$*UTF8*$!
{
	archiveVersion = 1;
	classes = {
	};
	objectVersion = 56;
	objects = {

/* Begin PBXBuildFile section */
		75C4E5982FAC288A36048D14 /* Pods_HandySwift.framework in Frameworks */ = {isa = PBXBuildFile; fileRef = 6BACB9A5CE862594A5A7AD89 /* Pods_HandySwift.framework */; };
		C0A67A812C919C5900C24568 /* AppDelegate.swift in Sources */ = {isa = PBXBuildFile; fileRef = C0A67A802C919C5900C24568 /* AppDelegate.swift */; };
		C0A67A832C919C5900C24568 /* SceneDelegate.swift in Sources */ = {isa = PBXBuildFile; fileRef = C0A67A822C919C5900C24568 /* SceneDelegate.swift */; };
		C0A67A852C919C5900C24568 /* ViewController.swift in Sources */ = {isa = PBXBuildFile; fileRef = C0A67A842C919C5900C24568 /* ViewController.swift */; };
		C0A67A882C919C5900C24568 /* Base in Resources */ = {isa = PBXBuildFile; fileRef = C0A67A872C919C5900C24568 /* Base */; };
		C0A67A8A2C919C5B00C24568 /* Assets.xcassets in Resources */ = {isa = PBXBuildFile; fileRef = C0A67A892C919C5B00C24568 /* Assets.xcassets */; };
		C0A67A8D2C919C5B00C24568 /* Base in Resources */ = {isa = PBXBuildFile; fileRef = C0A67A8C2C919C5B00C24568 /* Base */; };
		C0A67A9E2C919D2500C24568 /* Array+SafeIndex.swift in Sources */ = {isa = PBXBuildFile; fileRef = C0A67A942C919D2500C24568 /* Array+SafeIndex.swift */; };
		C0A67A9F2C919D2500C24568 /* CodableExtension.swift in Sources */ = {isa = PBXBuildFile; fileRef = C0A67A952C919D2500C24568 /* CodableExtension.swift */; };
		C0A67AA02C919D2500C24568 /* UIImage+Tint.swift in Sources */ = {isa = PBXBuildFile; fileRef = C0A67A962C919D2500C24568 /* UIImage+Tint.swift */; };
		C0A67AA12C919D2500C24568 /* UIKit+Preview.swift in Sources */ = {isa = PBXBuildFile; fileRef = C0A67A972C919D2500C24568 /* UIKit+Preview.swift */; };
		C0A67AA22C919D2500C24568 /* UIKit+SwiftUI.swift in Sources */ = {isa = PBXBuildFile; fileRef = C0A67A982C919D2500C24568 /* UIKit+SwiftUI.swift */; };
		C0A67AA32C919D2500C24568 /* UIViewController+Alert.swift in Sources */ = {isa = PBXBuildFile; fileRef = C0A67A992C919D2500C24568 /* UIViewController+Alert.swift */; };
		C0A67AA42C919D2500C24568 /* UIViewController+Dismiss.swift in Sources */ = {isa = PBXBuildFile; fileRef = C0A67A9A2C919D2500C24568 /* UIViewController+Dismiss.swift */; };
		C0A67AA52C919D2500C24568 /* UIViewController+FadeInOut.swift in Sources */ = {isa = PBXBuildFile; fileRef = C0A67A9B2C919D2500C24568 /* UIViewController+FadeInOut.swift */; };
		C0A67AA62C919D2500C24568 /* URL+Components.swift in Sources */ = {isa = PBXBuildFile; fileRef = C0A67A9C2C919D2500C24568 /* URL+Components.swift */; };
		C0A67AB22C919DB300C24568 /* DeviceUtil.swift in Sources */ = {isa = PBXBuildFile; fileRef = C0A67AA72C919DB300C24568 /* DeviceUtil.swift */; };
		C0A67AB32C919DB300C24568 /* LoggerUtil.swift in Sources */ = {isa = PBXBuildFile; fileRef = C0A67AA82C919DB300C24568 /* LoggerUtil.swift */; };
		C0A67AB42C919DB300C24568 /* MiscUtil.swift in Sources */ = {isa = PBXBuildFile; fileRef = C0A67AA92C919DB300C24568 /* MiscUtil.swift */; };
		C0A67AB52C919DB300C24568 /* UDPSocketClient.swift in Sources */ = {isa = PBXBuildFile; fileRef = C0A67AAA2C919DB300C24568 /* UDPSocketClient.swift */; };
		C0A67AB62C919DB300C24568 /* WindowUtil.swift in Sources */ = {isa = PBXBuildFile; fileRef = C0A67AAB2C919DB300C24568 /* WindowUtil.swift */; };
		C0A67AB72C919DB300C24568 /* CircularGaugeView.swift in Sources */ = {isa = PBXBuildFile; fileRef = C0A67AAD2C919DB300C24568 /* CircularGaugeView.swift */; };
		C0A67AB82C919DB300C24568 /* ListStatusView.swift in Sources */ = {isa = PBXBuildFile; fileRef = C0A67AAE2C919DB300C24568 /* ListStatusView.swift */; };
		C0A67AB92C919DB300C24568 /* RoundIconButton.swift in Sources */ = {isa = PBXBuildFile; fileRef = C0A67AAF2C919DB300C24568 /* RoundIconButton.swift */; };
		C0A67ABA2C919DB300C24568 /* ShadowContainer.swift in Sources */ = {isa = PBXBuildFile; fileRef = C0A67AB02C919DB300C24568 /* ShadowContainer.swift */; };
		C0A67ABF2C92E11A00C24568 /* LoggerConst.swift in Sources */ = {isa = PBXBuildFile; fileRef = C0A67ABD2C92E11A00C24568 /* LoggerConst.swift */; };
/* End PBXBuildFile section */

/* Begin PBXFileReference section */
		446CFE3D42FD942B30907F01 /* Pods-HandySwift.debug.xcconfig */ = {isa = PBXFileReference; includeInIndex = 1; lastKnownFileType = text.xcconfig; name = "Pods-HandySwift.debug.xcconfig"; path = "Target Support Files/Pods-HandySwift/Pods-HandySwift.debug.xcconfig"; sourceTree = "<group>"; };
		6BACB9A5CE862594A5A7AD89 /* Pods_HandySwift.framework */ = {isa = PBXFileReference; explicitFileType = wrapper.framework; includeInIndex = 0; path = Pods_HandySwift.framework; sourceTree = BUILT_PRODUCTS_DIR; };
		C0A67A7D2C919C5900C24568 /* HandySwift.app */ = {isa = PBXFileReference; explicitFileType = wrapper.application; includeInIndex = 0; path = HandySwift.app; sourceTree = BUILT_PRODUCTS_DIR; };
		C0A67A802C919C5900C24568 /* AppDelegate.swift */ = {isa = PBXFileReference; lastKnownFileType = sourcecode.swift; path = AppDelegate.swift; sourceTree = "<group>"; };
		C0A67A822C919C5900C24568 /* SceneDelegate.swift */ = {isa = PBXFileReference; lastKnownFileType = sourcecode.swift; path = SceneDelegate.swift; sourceTree = "<group>"; };
		C0A67A842C919C5900C24568 /* ViewController.swift */ = {isa = PBXFileReference; lastKnownFileType = sourcecode.swift; path = ViewController.swift; sourceTree = "<group>"; };
		C0A67A872C919C5900C24568 /* Base */ = {isa = PBXFileReference; lastKnownFileType = file.storyboard; name = Base; path = Base.lproj/Main.storyboard; sourceTree = "<group>"; };
		C0A67A892C919C5B00C24568 /* Assets.xcassets */ = {isa = PBXFileReference; lastKnownFileType = folder.assetcatalog; path = Assets.xcassets; sourceTree = "<group>"; };
		C0A67A8C2C919C5B00C24568 /* Base */ = {isa = PBXFileReference; lastKnownFileType = file.storyboard; name = Base; path = Base.lproj/LaunchScreen.storyboard; sourceTree = "<group>"; };
		C0A67A8E2C919C5B00C24568 /* Info.plist */ = {isa = PBXFileReference; lastKnownFileType = text.plist.xml; path = Info.plist; sourceTree = "<group>"; };
		C0A67A942C919D2500C24568 /* Array+SafeIndex.swift */ = {isa = PBXFileReference; fileEncoding = 4; lastKnownFileType = sourcecode.swift; path = "Array+SafeIndex.swift"; sourceTree = "<group>"; };
		C0A67A952C919D2500C24568 /* CodableExtension.swift */ = {isa = PBXFileReference; fileEncoding = 4; lastKnownFileType = sourcecode.swift; path = CodableExtension.swift; sourceTree = "<group>"; };
		C0A67A962C919D2500C24568 /* UIImage+Tint.swift */ = {isa = PBXFileReference; fileEncoding = 4; lastKnownFileType = sourcecode.swift; path = "UIImage+Tint.swift"; sourceTree = "<group>"; };
		C0A67A972C919D2500C24568 /* UIKit+Preview.swift */ = {isa = PBXFileReference; fileEncoding = 4; lastKnownFileType = sourcecode.swift; path = "UIKit+Preview.swift"; sourceTree = "<group>"; };
		C0A67A982C919D2500C24568 /* UIKit+SwiftUI.swift */ = {isa = PBXFileReference; fileEncoding = 4; lastKnownFileType = sourcecode.swift; path = "UIKit+SwiftUI.swift"; sourceTree = "<group>"; };
		C0A67A992C919D2500C24568 /* UIViewController+Alert.swift */ = {isa = PBXFileReference; fileEncoding = 4; lastKnownFileType = sourcecode.swift; path = "UIViewController+Alert.swift"; sourceTree = "<group>"; };
		C0A67A9A2C919D2500C24568 /* UIViewController+Dismiss.swift */ = {isa = PBXFileReference; fileEncoding = 4; lastKnownFileType = sourcecode.swift; path = "UIViewController+Dismiss.swift"; sourceTree = "<group>"; };
		C0A67A9B2C919D2500C24568 /* UIViewController+FadeInOut.swift */ = {isa = PBXFileReference; fileEncoding = 4; lastKnownFileType = sourcecode.swift; path = "UIViewController+FadeInOut.swift"; sourceTree = "<group>"; };
		C0A67A9C2C919D2500C24568 /* URL+Components.swift */ = {isa = PBXFileReference; fileEncoding = 4; lastKnownFileType = sourcecode.swift; path = "URL+Components.swift"; sourceTree = "<group>"; };
		C0A67AA72C919DB300C24568 /* DeviceUtil.swift */ = {isa = PBXFileReference; fileEncoding = 4; lastKnownFileType = sourcecode.swift; path = DeviceUtil.swift; sourceTree = "<group>"; };
		C0A67AA82C919DB300C24568 /* LoggerUtil.swift */ = {isa = PBXFileReference; fileEncoding = 4; lastKnownFileType = sourcecode.swift; path = LoggerUtil.swift; sourceTree = "<group>"; };
		C0A67AA92C919DB300C24568 /* MiscUtil.swift */ = {isa = PBXFileReference; fileEncoding = 4; lastKnownFileType = sourcecode.swift; path = MiscUtil.swift; sourceTree = "<group>"; };
		C0A67AAA2C919DB300C24568 /* UDPSocketClient.swift */ = {isa = PBXFileReference; fileEncoding = 4; lastKnownFileType = sourcecode.swift; path = UDPSocketClient.swift; sourceTree = "<group>"; };
		C0A67AAB2C919DB300C24568 /* WindowUtil.swift */ = {isa = PBXFileReference; fileEncoding = 4; lastKnownFileType = sourcecode.swift; path = WindowUtil.swift; sourceTree = "<group>"; };
		C0A67AAD2C919DB300C24568 /* CircularGaugeView.swift */ = {isa = PBXFileReference; fileEncoding = 4; lastKnownFileType = sourcecode.swift; path = CircularGaugeView.swift; sourceTree = "<group>"; };
		C0A67AAE2C919DB300C24568 /* ListStatusView.swift */ = {isa = PBXFileReference; fileEncoding = 4; lastKnownFileType = sourcecode.swift; path = ListStatusView.swift; sourceTree = "<group>"; };
		C0A67AAF2C919DB300C24568 /* RoundIconButton.swift */ = {isa = PBXFileReference; fileEncoding = 4; lastKnownFileType = sourcecode.swift; path = RoundIconButton.swift; sourceTree = "<group>"; };
		C0A67AB02C919DB300C24568 /* ShadowContainer.swift */ = {isa = PBXFileReference; fileEncoding = 4; lastKnownFileType = sourcecode.swift; path = ShadowContainer.swift; sourceTree = "<group>"; };
		C0A67ABD2C92E11A00C24568 /* LoggerConst.swift */ = {isa = PBXFileReference; fileEncoding = 4; lastKnownFileType = sourcecode.swift; path = LoggerConst.swift; sourceTree = "<group>"; };
		F5E23557B4D3C5ABD831EFD4 /* Pods-HandySwift.release.xcconfig */ = {isa = PBXFileReference; includeInIndex = 1; lastKnownFileType = text.xcconfig; name = "Pods-HandySwift.release.xcconfig"; path = "Target Support Files/Pods-HandySwift/Pods-HandySwift.release.xcconfig"; sourceTree = "<group>"; };
/* End PBXFileReference section */

/* Begin PBXFrameworksBuildPhase section */
		C0A67A7A2C919C5900C24568 /* Frameworks */ = {
			isa = PBXFrameworksBuildPhase;
			buildActionMask = 2147483647;
			files = (
				75C4E5982FAC288A36048D14 /* Pods_HandySwift.framework in Frameworks */,
			);
			runOnlyForDeploymentPostprocessing = 0;
		};
/* End PBXFrameworksBuildPhase section */

/* Begin PBXGroup section */
		5151A4D1DCBAA9C90E7CBC4F /* Pods */ = {
			isa = PBXGroup;
			children = (
				446CFE3D42FD942B30907F01 /* Pods-HandySwift.debug.xcconfig */,
				F5E23557B4D3C5ABD831EFD4 /* Pods-HandySwift.release.xcconfig */,
			);
			path = Pods;
			sourceTree = "<group>";
		};
		753AC45A10BA6E28CCB117ED /* Frameworks */ = {
			isa = PBXGroup;
			children = (
				6BACB9A5CE862594A5A7AD89 /* Pods_HandySwift.framework */,
			);
			name = Frameworks;
			sourceTree = "<group>";
		};
		C0A67A742C919C5900C24568 = {
			isa = PBXGroup;
			children = (
				C0A67A7F2C919C5900C24568 /* HandySwift */,
				C0A67A7E2C919C5900C24568 /* Products */,
				5151A4D1DCBAA9C90E7CBC4F /* Pods */,
				753AC45A10BA6E28CCB117ED /* Frameworks */,
			);
			sourceTree = "<group>";
		};
		C0A67A7E2C919C5900C24568 /* Products */ = {
			isa = PBXGroup;
			children = (
				C0A67A7D2C919C5900C24568 /* HandySwift.app */,
			);
			name = Products;
			sourceTree = "<group>";
		};
		C0A67A7F2C919C5900C24568 /* HandySwift */ = {
			isa = PBXGroup;
			children = (
				C0A67A8E2C919C5B00C24568 /* Info.plist */,
				C0A67A892C919C5B00C24568 /* Assets.xcassets */,
				C0A67A802C919C5900C24568 /* AppDelegate.swift */,
				C0A67A822C919C5900C24568 /* SceneDelegate.swift */,
				C0A67A842C919C5900C24568 /* ViewController.swift */,
				C0A67AB12C919DB300C24568 /* Views */,
				C0A67AAC2C919DB300C24568 /* Utils */,
				C0A67A9D2C919D2500C24568 /* Extensions */,
				C0A67ABE2C92E11A00C24568 /* Configs */,
				C0A67A862C919C5900C24568 /* Main.storyboard */,
				C0A67A8B2C919C5B00C24568 /* LaunchScreen.storyboard */,
			);
			path = HandySwift;
			sourceTree = "<group>";
		};
		C0A67A9D2C919D2500C24568 /* Extensions */ = {
			isa = PBXGroup;
			children = (
				C0A67A942C919D2500C24568 /* Array+SafeIndex.swift */,
				C0A67A952C919D2500C24568 /* CodableExtension.swift */,
				C0A67A962C919D2500C24568 /* UIImage+Tint.swift */,
				C0A67A972C919D2500C24568 /* UIKit+Preview.swift */,
				C0A67A982C919D2500C24568 /* UIKit+SwiftUI.swift */,
				C0A67A992C919D2500C24568 /* UIViewController+Alert.swift */,
				C0A67A9A2C919D2500C24568 /* UIViewController+Dismiss.swift */,
				C0A67A9B2C919D2500C24568 /* UIViewController+FadeInOut.swift */,
				C0A67A9C2C919D2500C24568 /* URL+Components.swift */,
			);
			path = Extensions;
			sourceTree = "<group>";
		};
		C0A67AAC2C919DB300C24568 /* Utils */ = {
			isa = PBXGroup;
			children = (
				C0A67AA72C919DB300C24568 /* DeviceUtil.swift */,
				C0A67AA82C919DB300C24568 /* LoggerUtil.swift */,
				C0A67AA92C919DB300C24568 /* MiscUtil.swift */,
				C0A67AAA2C919DB300C24568 /* UDPSocketClient.swift */,
				C0A67AAB2C919DB300C24568 /* WindowUtil.swift */,
			);
			path = Utils;
			sourceTree = "<group>";
		};
		C0A67AB12C919DB300C24568 /* Views */ = {
			isa = PBXGroup;
			children = (
				C0A67AAD2C919DB300C24568 /* CircularGaugeView.swift */,
				C0A67AAE2C919DB300C24568 /* ListStatusView.swift */,
				C0A67AAF2C919DB300C24568 /* RoundIconButton.swift */,
				C0A67AB02C919DB300C24568 /* ShadowContainer.swift */,
			);
			path = Views;
			sourceTree = "<group>";
		};
		C0A67ABE2C92E11A00C24568 /* Configs */ = {
			isa = PBXGroup;
			children = (
				C0A67ABD2C92E11A00C24568 /* LoggerConst.swift */,
			);
			path = Configs;
			sourceTree = "<group>";
		};
/* End PBXGroup section */

/* Begin PBXNativeTarget section */
		C0A67A7C2C919C5900C24568 /* HandySwift */ = {
			isa = PBXNativeTarget;
			buildConfigurationList = C0A67A912C919C5B00C24568 /* Build configuration list for PBXNativeTarget "HandySwift" */;
			buildPhases = (
				D66875D0BB38D2352D12D9AB /* [CP] Check Pods Manifest.lock */,
				C0A67A792C919C5900C24568 /* Sources */,
				C0A67A7A2C919C5900C24568 /* Frameworks */,
				C0A67A7B2C919C5900C24568 /* Resources */,
				74FA23600042E0A268EE3259 /* [CP] Embed Pods Frameworks */,
			);
			buildRules = (
			);
			dependencies = (
			);
			name = HandySwift;
			productName = HandySwift;
			productReference = C0A67A7D2C919C5900C24568 /* HandySwift.app */;
			productType = "com.apple.product-type.application";
		};
/* End PBXNativeTarget section */

/* Begin PBXProject section */
		C0A67A752C919C5900C24568 /* Project object */ = {
			isa = PBXProject;
			attributes = {
				BuildIndependentTargetsInParallel = 1;
				LastSwiftUpdateCheck = 1540;
				LastUpgradeCheck = 1540;
				TargetAttributes = {
					C0A67A7C2C919C5900C24568 = {
						CreatedOnToolsVersion = 15.4;
					};
				};
			};
			buildConfigurationList = C0A67A782C919C5900C24568 /* Build configuration list for PBXProject "HandySwift" */;
			compatibilityVersion = "Xcode 14.0";
			developmentRegion = en;
			hasScannedForEncodings = 0;
			knownRegions = (
				en,
				Base,
			);
			mainGroup = C0A67A742C919C5900C24568;
			productRefGroup = C0A67A7E2C919C5900C24568 /* Products */;
			projectDirPath = "";
			projectRoot = "";
			targets = (
				C0A67A7C2C919C5900C24568 /* HandySwift */,
			);
		};
/* End PBXProject section */

/* Begin PBXResourcesBuildPhase section */
		C0A67A7B2C919C5900C24568 /* Resources */ = {
			isa = PBXResourcesBuildPhase;
			buildActionMask = 2147483647;
			files = (
				C0A67A8A2C919C5B00C24568 /* Assets.xcassets in Resources */,
				C0A67A8D2C919C5B00C24568 /* Base in Resources */,
				C0A67A882C919C5900C24568 /* Base in Resources */,
			);
			runOnlyForDeploymentPostprocessing = 0;
		};
/* End PBXResourcesBuildPhase section */

/* Begin PBXShellScriptBuildPhase section */
		74FA23600042E0A268EE3259 /* [CP] Embed Pods Frameworks */ = {
			isa = PBXShellScriptBuildPhase;
			buildActionMask = 2147483647;
			files = (
			);
			inputFileListPaths = (
				"${PODS_ROOT}/Target Support Files/Pods-HandySwift/Pods-HandySwift-frameworks-${CONFIGURATION}-input-files.xcfilelist",
			);
			name = "[CP] Embed Pods Frameworks";
			outputFileListPaths = (
				"${PODS_ROOT}/Target Support Files/Pods-HandySwift/Pods-HandySwift-frameworks-${CONFIGURATION}-output-files.xcfilelist",
			);
			runOnlyForDeploymentPostprocessing = 0;
			shellPath = /bin/sh;
			shellScript = "\"${PODS_ROOT}/Target Support Files/Pods-HandySwift/Pods-HandySwift-frameworks.sh\"\n";
			showEnvVarsInLog = 0;
		};
		D66875D0BB38D2352D12D9AB /* [CP] Check Pods Manifest.lock */ = {
			isa = PBXShellScriptBuildPhase;
			buildActionMask = 2147483647;
			files = (
			);
			inputFileListPaths = (
			);
			inputPaths = (
				"${PODS_PODFILE_DIR_PATH}/Podfile.lock",
				"${PODS_ROOT}/Manifest.lock",
			);
			name = "[CP] Check Pods Manifest.lock";
			outputFileListPaths = (
			);
			outputPaths = (
				"$(DERIVED_FILE_DIR)/Pods-HandySwift-checkManifestLockResult.txt",
			);
			runOnlyForDeploymentPostprocessing = 0;
			shellPath = /bin/sh;
			shellScript = "diff \"${PODS_PODFILE_DIR_PATH}/Podfile.lock\" \"${PODS_ROOT}/Manifest.lock\" > /dev/null\nif [ $? != 0 ] ; then\n    # print error to STDERR\n    echo \"error: The sandbox is not in sync with the Podfile.lock. Run 'pod install' or update your CocoaPods installation.\" >&2\n    exit 1\nfi\n# This output is used by Xcode 'outputs' to avoid re-running this script phase.\necho \"SUCCESS\" > \"${SCRIPT_OUTPUT_FILE_0}\"\n";
			showEnvVarsInLog = 0;
		};
/* End PBXShellScriptBuildPhase section */

/* Begin PBXSourcesBuildPhase section */
		C0A67A792C919C5900C24568 /* Sources */ = {
			isa = PBXSourcesBuildPhase;
			buildActionMask = 2147483647;
			files = (
				C0A67AA32C919D2500C24568 /* UIViewController+Alert.swift in Sources */,
				C0A67AB72C919DB300C24568 /* CircularGaugeView.swift in Sources */,
				C0A67AB52C919DB300C24568 /* UDPSocketClient.swift in Sources */,
				C0A67AA42C919D2500C24568 /* UIViewController+Dismiss.swift in Sources */,
				C0A67A852C919C5900C24568 /* ViewController.swift in Sources */,
				C0A67AB92C919DB300C24568 /* RoundIconButton.swift in Sources */,
				C0A67AB62C919DB300C24568 /* WindowUtil.swift in Sources */,
				C0A67ABF2C92E11A00C24568 /* LoggerConst.swift in Sources */,
				C0A67A9E2C919D2500C24568 /* Array+SafeIndex.swift in Sources */,
				C0A67AA22C919D2500C24568 /* UIKit+SwiftUI.swift in Sources */,
				C0A67ABA2C919DB300C24568 /* ShadowContainer.swift in Sources */,
				C0A67AB82C919DB300C24568 /* ListStatusView.swift in Sources */,
				C0A67A812C919C5900C24568 /* AppDelegate.swift in Sources */,
				C0A67AB22C919DB300C24568 /* DeviceUtil.swift in Sources */,
				C0A67A832C919C5900C24568 /* SceneDelegate.swift in Sources */,
				C0A67AB42C919DB300C24568 /* MiscUtil.swift in Sources */,
				C0A67AA02C919D2500C24568 /* UIImage+Tint.swift in Sources */,
				C0A67AA12C919D2500C24568 /* UIKit+Preview.swift in Sources */,
				C0A67A9F2C919D2500C24568 /* CodableExtension.swift in Sources */,
				C0A67AB32C919DB300C24568 /* LoggerUtil.swift in Sources */,
				C0A67AA52C919D2500C24568 /* UIViewController+FadeInOut.swift in Sources */,
				C0A67AA62C919D2500C24568 /* URL+Components.swift in Sources */,
			);
			runOnlyForDeploymentPostprocessing = 0;
		};
/* End PBXSourcesBuildPhase section */

/* Begin PBXVariantGroup section */
		C0A67A862C919C5900C24568 /* Main.storyboard */ = {
			isa = PBXVariantGroup;
			children = (
				C0A67A872C919C5900C24568 /* Base */,
			);
			name = Main.storyboard;
			sourceTree = "<group>";
		};
		C0A67A8B2C919C5B00C24568 /* LaunchScreen.storyboard */ = {
			isa = PBXVariantGroup;
			children = (
				C0A67A8C2C919C5B00C24568 /* Base */,
			);
			name = LaunchScreen.storyboard;
			sourceTree = "<group>";
		};
/* End PBXVariantGroup section */

/* Begin XCBuildConfiguration section */
		C0A67A8F2C919C5B00C24568 /* Debug */ = {
			isa = XCBuildConfiguration;
			buildSettings = {
				ALWAYS_SEARCH_USER_PATHS = NO;
				ASSETCATALOG_COMPILER_GENERATE_SWIFT_ASSET_SYMBOL_EXTENSIONS = YES;
				CLANG_ANALYZER_NONNULL = YES;
				CLANG_ANALYZER_NUMBER_OBJECT_CONVERSION = YES_AGGRESSIVE;
				CLANG_CXX_LANGUAGE_STANDARD = "gnu++20";
				CLANG_ENABLE_MODULES = YES;
				CLANG_ENABLE_OBJC_ARC = YES;
				CLANG_ENABLE_OBJC_WEAK = YES;
				CLANG_WARN_BLOCK_CAPTURE_AUTORELEASING = YES;
				CLANG_WARN_BOOL_CONVERSION = YES;
				CLANG_WARN_COMMA = YES;
				CLANG_WARN_CONSTANT_CONVERSION = YES;
				CLANG_WARN_DEPRECATED_OBJC_IMPLEMENTATIONS = YES;
				CLANG_WARN_DIRECT_OBJC_ISA_USAGE = YES_ERROR;
				CLANG_WARN_DOCUMENTATION_COMMENTS = YES;
				CLANG_WARN_EMPTY_BODY = YES;
				CLANG_WARN_ENUM_CONVERSION = YES;
				CLANG_WARN_INFINITE_RECURSION = YES;
				CLANG_WARN_INT_CONVERSION = YES;
				CLANG_WARN_NON_LITERAL_NULL_CONVERSION = YES;
				CLANG_WARN_OBJC_IMPLICIT_RETAIN_SELF = YES;
				CLANG_WARN_OBJC_LITERAL_CONVERSION = YES;
				CLANG_WARN_OBJC_ROOT_CLASS = YES_ERROR;
				CLANG_WARN_QUOTED_INCLUDE_IN_FRAMEWORK_HEADER = YES;
				CLANG_WARN_RANGE_LOOP_ANALYSIS = YES;
				CLANG_WARN_STRICT_PROTOTYPES = YES;
				CLANG_WARN_SUSPICIOUS_MOVE = YES;
				CLANG_WARN_UNGUARDED_AVAILABILITY = YES_AGGRESSIVE;
				CLANG_WARN_UNREACHABLE_CODE = YES;
				CLANG_WARN__DUPLICATE_METHOD_MATCH = YES;
				COPY_PHASE_STRIP = NO;
				DEBUG_INFORMATION_FORMAT = dwarf;
				ENABLE_STRICT_OBJC_MSGSEND = YES;
				ENABLE_TESTABILITY = YES;
				ENABLE_USER_SCRIPT_SANDBOXING = YES;
				GCC_C_LANGUAGE_STANDARD = gnu17;
				GCC_DYNAMIC_NO_PIC = NO;
				GCC_NO_COMMON_BLOCKS = YES;
				GCC_OPTIMIZATION_LEVEL = 0;
				GCC_PREPROCESSOR_DEFINITIONS = (
					"DEBUG=1",
					"$(inherited)",
				);
				GCC_WARN_64_TO_32_BIT_CONVERSION = YES;
				GCC_WARN_ABOUT_RETURN_TYPE = YES_ERROR;
				GCC_WARN_UNDECLARED_SELECTOR = YES;
				GCC_WARN_UNINITIALIZED_AUTOS = YES_AGGRESSIVE;
				GCC_WARN_UNUSED_FUNCTION = YES;
				GCC_WARN_UNUSED_VARIABLE = YES;
				IPHONEOS_DEPLOYMENT_TARGET = 17.5;
				LOCALIZATION_PREFERS_STRING_CATALOGS = YES;
				MTL_ENABLE_DEBUG_INFO = INCLUDE_SOURCE;
				MTL_FAST_MATH = YES;
				ONLY_ACTIVE_ARCH = YES;
				SDKROOT = iphoneos;
				SWIFT_ACTIVE_COMPILATION_CONDITIONS = "DEBUG $(inherited)";
				SWIFT_OPTIMIZATION_LEVEL = "-Onone";
			};
			name = Debug;
		};
		C0A67A902C919C5B00C24568 /* Release */ = {
			isa = XCBuildConfiguration;
			buildSettings = {
				ALWAYS_SEARCH_USER_PATHS = NO;
				ASSETCATALOG_COMPILER_GENERATE_SWIFT_ASSET_SYMBOL_EXTENSIONS = YES;
				CLANG_ANALYZER_NONNULL = YES;
				CLANG_ANALYZER_NUMBER_OBJECT_CONVERSION = YES_AGGRESSIVE;
				CLANG_CXX_LANGUAGE_STANDARD = "gnu++20";
				CLANG_ENABLE_MODULES = YES;
				CLANG_ENABLE_OBJC_ARC = YES;
				CLANG_ENABLE_OBJC_WEAK = YES;
				CLANG_WARN_BLOCK_CAPTURE_AUTORELEASING = YES;
				CLANG_WARN_BOOL_CONVERSION = YES;
				CLANG_WARN_COMMA = YES;
				CLANG_WARN_CONSTANT_CONVERSION = YES;
				CLANG_WARN_DEPRECATED_OBJC_IMPLEMENTATIONS = YES;
				CLANG_WARN_DIRECT_OBJC_ISA_USAGE = YES_ERROR;
				CLANG_WARN_DOCUMENTATION_COMMENTS = YES;
				CLANG_WARN_EMPTY_BODY = YES;
				CLANG_WARN_ENUM_CONVERSION = YES;
				CLANG_WARN_INFINITE_RECURSION = YES;
				CLANG_WARN_INT_CONVERSION = YES;
				CLANG_WARN_NON_LITERAL_NULL_CONVERSION = YES;
				CLANG_WARN_OBJC_IMPLICIT_RETAIN_SELF = YES;
				CLANG_WARN_OBJC_LITERAL_CONVERSION = YES;
				CLANG_WARN_OBJC_ROOT_CLASS = YES_ERROR;
				CLANG_WARN_QUOTED_INCLUDE_IN_FRAMEWORK_HEADER = YES;
				CLANG_WARN_RANGE_LOOP_ANALYSIS = YES;
				CLANG_WARN_STRICT_PROTOTYPES = YES;
				CLANG_WARN_SUSPICIOUS_MOVE = YES;
				CLANG_WARN_UNGUARDED_AVAILABILITY = YES_AGGRESSIVE;
				CLANG_WARN_UNREACHABLE_CODE = YES;
				CLANG_WARN__DUPLICATE_METHOD_MATCH = YES;
				COPY_PHASE_STRIP = NO;
				DEBUG_INFORMATION_FORMAT = "dwarf-with-dsym";
				ENABLE_NS_ASSERTIONS = NO;
				ENABLE_STRICT_OBJC_MSGSEND = YES;
				ENABLE_USER_SCRIPT_SANDBOXING = YES;
				GCC_C_LANGUAGE_STANDARD = gnu17;
				GCC_NO_COMMON_BLOCKS = YES;
				GCC_WARN_64_TO_32_BIT_CONVERSION = YES;
				GCC_WARN_ABOUT_RETURN_TYPE = YES_ERROR;
				GCC_WARN_UNDECLARED_SELECTOR = YES;
				GCC_WARN_UNINITIALIZED_AUTOS = YES_AGGRESSIVE;
				GCC_WARN_UNUSED_FUNCTION = YES;
				GCC_WARN_UNUSED_VARIABLE = YES;
				IPHONEOS_DEPLOYMENT_TARGET = 17.5;
				LOCALIZATION_PREFERS_STRING_CATALOGS = YES;
				MTL_ENABLE_DEBUG_INFO = NO;
				MTL_FAST_MATH = YES;
				SDKROOT = iphoneos;
				SWIFT_COMPILATION_MODE = wholemodule;
				VALIDATE_PRODUCT = YES;
			};
			name = Release;
		};
		C0A67A922C919C5B00C24568 /* Debug */ = {
			isa = XCBuildConfiguration;
			baseConfigurationReference = 446CFE3D42FD942B30907F01 /* Pods-HandySwift.debug.xcconfig */;
			buildSettings = {
				ASSETCATALOG_COMPILER_APPICON_NAME = AppIcon;
				ASSETCATALOG_COMPILER_GLOBAL_ACCENT_COLOR_NAME = AccentColor;
				CODE_SIGN_STYLE = Automatic;
				CURRENT_PROJECT_VERSION = 1;
				DEVELOPMENT_TEAM = 4TDFARXPF6;
				GENERATE_INFOPLIST_FILE = YES;
				INFOPLIST_FILE = HandySwift/Info.plist;
				INFOPLIST_KEY_UIApplicationSupportsIndirectInputEvents = YES;
				INFOPLIST_KEY_UILaunchStoryboardName = LaunchScreen;
				INFOPLIST_KEY_UIMainStoryboardFile = Main;
				INFOPLIST_KEY_UISupportedInterfaceOrientations_iPad = "UIInterfaceOrientationPortrait UIInterfaceOrientationPortraitUpsideDown UIInterfaceOrientationLandscapeLeft UIInterfaceOrientationLandscapeRight";
				INFOPLIST_KEY_UISupportedInterfaceOrientations_iPhone = "UIInterfaceOrientationPortrait UIInterfaceOrientationLandscapeLeft UIInterfaceOrientationLandscapeRight";
				LD_RUNPATH_SEARCH_PATHS = (
					"$(inherited)",
					"@executable_path/Frameworks",
				);
				MARKETING_VERSION = 1.0;
				PRODUCT_BUNDLE_IDENTIFIER = com.tencent.wetest.db.cloudgame.HandySwift;
				PRODUCT_NAME = "$(TARGET_NAME)";
				SWIFT_EMIT_LOC_STRINGS = YES;
				SWIFT_VERSION = 5.0;
				TARGETED_DEVICE_FAMILY = "1,2";
			};
			name = Debug;
		};
		C0A67A932C919C5B00C24568 /* Release */ = {
			isa = XCBuildConfiguration;
			baseConfigurationReference = F5E23557B4D3C5ABD831EFD4 /* Pods-HandySwift.release.xcconfig */;
			buildSettings = {
				ASSETCATALOG_COMPILER_APPICON_NAME = AppIcon;
				ASSETCATALOG_COMPILER_GLOBAL_ACCENT_COLOR_NAME = AccentColor;
				CODE_SIGN_STYLE = Automatic;
				CURRENT_PROJECT_VERSION = 1;
				DEVELOPMENT_TEAM = 4TDFARXPF6;
				GENERATE_INFOPLIST_FILE = YES;
				INFOPLIST_FILE = HandySwift/Info.plist;
				INFOPLIST_KEY_UIApplicationSupportsIndirectInputEvents = YES;
				INFOPLIST_KEY_UILaunchStoryboardName = LaunchScreen;
				INFOPLIST_KEY_UIMainStoryboardFile = Main;
				INFOPLIST_KEY_UISupportedInterfaceOrientations_iPad = "UIInterfaceOrientationPortrait UIInterfaceOrientationPortraitUpsideDown UIInterfaceOrientationLandscapeLeft UIInterfaceOrientationLandscapeRight";
				INFOPLIST_KEY_UISupportedInterfaceOrientations_iPhone = "UIInterfaceOrientationPortrait UIInterfaceOrientationLandscapeLeft UIInterfaceOrientationLandscapeRight";
				LD_RUNPATH_SEARCH_PATHS = (
					"$(inherited)",
					"@executable_path/Frameworks",
				);
				MARKETING_VERSION = 1.0;
				PRODUCT_BUNDLE_IDENTIFIER = com.tencent.wetest.db.cloudgame.HandySwift;
				PRODUCT_NAME = "$(TARGET_NAME)";
				SWIFT_EMIT_LOC_STRINGS = YES;
				SWIFT_VERSION = 5.0;
				TARGETED_DEVICE_FAMILY = "1,2";
			};
			name = Release;
		};
/* End XCBuildConfiguration section */

/* Begin XCConfigurationList section */
		C0A67A782C919C5900C24568 /* Build configuration list for PBXProject "HandySwift" */ = {
			isa = XCConfigurationList;
			buildConfigurations = (
				C0A67A8F2C919C5B00C24568 /* Debug */,
				C0A67A902C919C5B00C24568 /* Release */,
			);
			defaultConfigurationIsVisible = 0;
			defaultConfigurationName = Release;
		};
		C0A67A912C919C5B00C24568 /* Build configuration list for PBXNativeTarget "HandySwift" */ = {
			isa = XCConfigurationList;
			buildConfigurations = (
				C0A67A922C919C5B00C24568 /* Debug */,
				C0A67A932C919C5B00C24568 /* Release */,
			);
			defaultConfigurationIsVisible = 0;
			defaultConfigurationName = Release;
		};
/* End XCConfigurationList section */
	};
	rootObject = C0A67A752C919C5900C24568 /* Project object */;
}
